
Microsoft Visual Studio Solution File, Format Version 12.00
# Visual Studio Version 17
VisualStudioVersion = 17.9.34728.123
MinimumVisualStudioVersion = 10.0.40219.1
Project("{FAE04EC0-301F-11D3-BF4B-00C04F79EFBC}") = "Listeklemeçıkarma", "WindowsFormsApp1\Listeklemeçıkarma.csproj", "{3949EA60-26AF-4D48-A752-4EC047CD047F}"
EndProject
Global
	GlobalSection(SolutionConfigurationPlatforms) = preSolution
		Debug|Any CPU = Debug|Any CPU
		Release|Any CPU = Release|Any CPU
	EndGlobalSection
	GlobalSection(ProjectConfigurationPlatforms) = postSolution
		{3949EA60-26AF-4D48-A752-4EC047CD047F}.Debug|Any CPU.ActiveCfg = Debug|Any CPU
		{3949EA60-26AF-4D48-A752-4EC047CD047F}.Debug|Any CPU.Build.0 = Debug|Any CPU
		{3949EA60-26AF-4D48-A752-4EC047CD047F}.Release|Any CPU.ActiveCfg = Release|Any CPU
		{3949EA60-26AF-4D48-A752-4EC047CD047F}.Release|Any CPU.Build.0 = Release|Any CPU
	EndGlobalSection
	GlobalSection(SolutionProperties) = preSolution
		HideSolutionNode = FALSE
	EndGlobalSection
	GlobalSection(ExtensibilityGlobals) = postSolution
		SolutionGuid = {FC78633D-5B9D-4478-B204-B5E6F6029318}
	EndGlobalSection
EndGlobal
